
Microsoft Visual Studio Solution File, Format Version 12.00
# Visual Studio 2013
VisualStudioVersion = 12.0.31101.0
MinimumVisualStudioVersion = 10.0.40219.1
Project("{FAE04EC0-301F-11D3-BF4B-00C04F79EFBC}") = "ImageProcessing", "ImageProcessing\ImageProcessing.csproj", "{7E8CDB64-62C3-4725-87C8-45B7413365FA}"
EndProject
Project("{FAE04EC0-301F-11D3-BF4B-00C04F79EFBC}") = "AntiStamp1Test", "AntiStamp1Test\AntiStamp1Test.csproj", "{499164CF-83F4-46FF-B25A-18EB545DC67B}"
EndProject
Global
	GlobalSection(SolutionConfigurationPlatforms) = preSolution
		Debug|Any CPU = Debug|Any CPU
		Release|Any CPU = Release|Any CPU
	EndGlobalSection
	GlobalSection(ProjectConfigurationPlatforms) = postSolution
		{7E8CDB64-62C3-4725-87C8-45B7413365FA}.Debug|Any CPU.ActiveCfg = Debug|Any CPU
		{7E8CDB64-62C3-4725-87C8-45B7413365FA}.Debug|Any CPU.Build.0 = Debug|Any CPU
		{7E8CDB64-62C3-4725-87C8-45B7413365FA}.Release|Any CPU.ActiveCfg = Release|Any CPU
		{7E8CDB64-62C3-4725-87C8-45B7413365FA}.Release|Any CPU.Build.0 = Release|Any CPU
		{499164CF-83F4-46FF-B25A-18EB545DC67B}.Debug|Any CPU.ActiveCfg = Debug|Any CPU
		{499164CF-83F4-46FF-B25A-18EB545DC67B}.Debug|Any CPU.Build.0 = Debug|Any CPU
		{499164CF-83F4-46FF-B25A-18EB545DC67B}.Release|Any CPU.ActiveCfg = Release|Any CPU
		{499164CF-83F4-46FF-B25A-18EB545DC67B}.Release|Any CPU.Build.0 = Release|Any CPU
	EndGlobalSection
	GlobalSection(SolutionProperties) = preSolution
		HideSolutionNode = FALSE
	EndGlobalSection
EndGlobal
